
Microsoft Visual Studio Solution File, Format Version 12.00
# Visual Studio Version 17
VisualStudioVersion = 17.0.31611.283
MinimumVisualStudioVersion = 10.0.40219.1
Project("{9A19103F-16F7-4668-BE54-9A1E7A4F7556}") = "GettingStarted", "GettingStarted\GettingStarted.csproj", "{4659DB9D-EB23-4D7C-B52F-DD792D3220AA}"
EndProject
Global
	GlobalSection(SolutionConfigurationPlatforms) = preSolution
		Debug|Any CPU = Debug|Any CPU
		Release|Any CPU = Release|Any CPU
		Release-Xml|Any CPU = Release-Xml|Any CPU
	EndGlobalSection
	GlobalSection(ProjectConfigurationPlatforms) = postSolution
		{4659DB9D-EB23-4D7C-B52F-DD792D3220AA}.Debug|Any CPU.ActiveCfg = Debug|Any CPU
		{4659DB9D-EB23-4D7C-B52F-DD792D3220AA}.Debug|Any CPU.Build.0 = Debug|Any CPU
		{4659DB9D-EB23-4D7C-B52F-DD792D3220AA}.Debug|Any CPU.Deploy.0 = Debug|Any CPU
		{4659DB9D-EB23-4D7C-B52F-DD792D3220AA}.Release|Any CPU.ActiveCfg = Release|Any CPU
		{4659DB9D-EB23-4D7C-B52F-DD792D3220AA}.Release|Any CPU.Build.0 = Release|Any CPU
		{4659DB9D-EB23-4D7C-B52F-DD792D3220AA}.Release|Any CPU.Deploy.0 = Release|Any CPU
		{4659DB9D-EB23-4D7C-B52F-DD792D3220AA}.Release-Xml|Any CPU.ActiveCfg = Release|Any CPU
		{4659DB9D-EB23-4D7C-B52F-DD792D3220AA}.Release-Xml|Any CPU.Build.0 = Release|Any CPU
		{4659DB9D-EB23-4D7C-B52F-DD792D3220AA}.Release-Xml|Any CPU.Deploy.0 = Release|Any CPU
		{6B1BBC87-7710-43D3-9C2F-995C4FA2F47E}.Debug|Any CPU.ActiveCfg = Debug|Any CPU
		{6B1BBC87-7710-43D3-9C2F-995C4FA2F47E}.Debug|Any CPU.Build.0 = Debug|Any CPU
		{6B1BBC87-7710-43D3-9C2F-995C4FA2F47E}.Release|Any CPU.ActiveCfg = Release|Any CPU
		{6B1BBC87-7710-43D3-9C2F-995C4FA2F47E}.Release|Any CPU.Build.0 = Release|Any CPU
		{6B1BBC87-7710-43D3-9C2F-995C4FA2F47E}.Release-Xml|Any CPU.ActiveCfg = Release-Xml|Any CPU
		{6B1BBC87-7710-43D3-9C2F-995C4FA2F47E}.Release-Xml|Any CPU.Build.0 = Release-Xml|Any CPU
	EndGlobalSection
	GlobalSection(SolutionProperties) = preSolution
		HideSolutionNode = FALSE
	EndGlobalSection
	GlobalSection(ExtensibilityGlobals) = postSolution
		SolutionGuid = {61F7FB11-1E47-470C-91E2-47F8143E1572}
	EndGlobalSection
EndGlobal
